github.com/rakyll/openai-go v1.0.1-0.20230303040908-e332e668d3ec h1:1F9w3l0tIpYxnkaO/txW94AJpqk87wgWcm3clrUY04E=
github.com/rakyll/openai-go v1.0.1-0.20230303040908-e332e668d3ec/go.mod h1:hQpeaAVYbRXtWjFUew82LmbEIASmjihU3aI5NfJdqxA=
github.com/rakyll/openai-go v1.0.1 h1:UVxz7cRFiavIK+HOFkfBv/LWp9iqxj0QE6NnsSHvl0M=
github.com/rakyll/openai-go v1.0.1/go.mod h1:hQpeaAVYbRXtWjFUew82LmbEIASmjihU3aI5NfJdqxA=
